
Microsoft Visual Studio Solution File, Format Version 11.00
# Visual Studio 2010
Project("{FAE04EC0-301F-11D3-BF4B-00C04F79EFBC}") = "SDNSharePoint", "SDNSharePoint\SDNSharePoint.csproj", "{B1B8613F-B527-4464-B8C5-E4AE488FC87B}"
EndProject
Project("{FAE04EC0-301F-11D3-BF4B-00C04F79EFBC}") = "TEST-DLL", "TEST-DLL\TEST-DLL.csproj", "{EE464E2B-012D-4AB2-846B-18F1028FD2BC}"
EndProject
Global
	GlobalSection(SolutionConfigurationPlatforms) = preSolution
		Debug|Any CPU = Debug|Any CPU
		Debug|Mixed Platforms = Debug|Mixed Platforms
		Debug|x86 = Debug|x86
		Release|Any CPU = Release|Any CPU
		Release|Mixed Platforms = Release|Mixed Platforms
		Release|x86 = Release|x86
	EndGlobalSection
	GlobalSection(ProjectConfigurationPlatforms) = postSolution
		{B1B8613F-B527-4464-B8C5-E4AE488FC87B}.Debug|Any CPU.ActiveCfg = Debug|Any CPU
		{B1B8613F-B527-4464-B8C5-E4AE488FC87B}.Debug|Any CPU.Build.0 = Debug|Any CPU
		{B1B8613F-B527-4464-B8C5-E4AE488FC87B}.Debug|Mixed Platforms.ActiveCfg = Debug|Any CPU
		{B1B8613F-B527-4464-B8C5-E4AE488FC87B}.Debug|Mixed Platforms.Build.0 = Debug|Any CPU
		{B1B8613F-B527-4464-B8C5-E4AE488FC87B}.Debug|x86.ActiveCfg = Debug|Any CPU
		{B1B8613F-B527-4464-B8C5-E4AE488FC87B}.Release|Any CPU.ActiveCfg = Release|Any CPU
		{B1B8613F-B527-4464-B8C5-E4AE488FC87B}.Release|Any CPU.Build.0 = Release|Any CPU
		{B1B8613F-B527-4464-B8C5-E4AE488FC87B}.Release|Mixed Platforms.ActiveCfg = Release|Any CPU
		{B1B8613F-B527-4464-B8C5-E4AE488FC87B}.Release|Mixed Platforms.Build.0 = Release|Any CPU
		{B1B8613F-B527-4464-B8C5-E4AE488FC87B}.Release|x86.ActiveCfg = Release|Any CPU
		{EE464E2B-012D-4AB2-846B-18F1028FD2BC}.Debug|Any CPU.ActiveCfg = Debug|x86
		{EE464E2B-012D-4AB2-846B-18F1028FD2BC}.Debug|Mixed Platforms.ActiveCfg = Debug|x86
		{EE464E2B-012D-4AB2-846B-18F1028FD2BC}.Debug|Mixed Platforms.Build.0 = Debug|x86
		{EE464E2B-012D-4AB2-846B-18F1028FD2BC}.Debug|x86.ActiveCfg = Debug|x86
		{EE464E2B-012D-4AB2-846B-18F1028FD2BC}.Debug|x86.Build.0 = Debug|x86
		{EE464E2B-012D-4AB2-846B-18F1028FD2BC}.Release|Any CPU.ActiveCfg = Release|x86
		{EE464E2B-012D-4AB2-846B-18F1028FD2BC}.Release|Mixed Platforms.ActiveCfg = Release|x86
		{EE464E2B-012D-4AB2-846B-18F1028FD2BC}.Release|Mixed Platforms.Build.0 = Release|x86
		{EE464E2B-012D-4AB2-846B-18F1028FD2BC}.Release|x86.ActiveCfg = Release|x86
		{EE464E2B-012D-4AB2-846B-18F1028FD2BC}.Release|x86.Build.0 = Release|x86
	EndGlobalSection
	GlobalSection(SolutionProperties) = preSolution
		HideSolutionNode = FALSE
	EndGlobalSection
EndGlobal
